
Microsoft Visual Studio Solution File, Format Version 12.00
# Visual Studio Version 16
VisualStudioVersion = 16.0.30204.135
MinimumVisualStudioVersion = 10.0.40219.1
Project("{FAE04EC0-301F-11D3-BF4B-00C04F79EFBC}") = "Auto-complete-server", "Auto-complete-server.csproj", "{E612627D-6DB2-4463-95F0-A0922518E204}"
EndProject
Global
	GlobalSection(SolutionConfigurationPlatforms) = preSolution
		Debug|Any CPU = Debug|Any CPU
		Release|Any CPU = Release|Any CPU
	EndGlobalSection
	GlobalSection(ProjectConfigurationPlatforms) = postSolution
		{E612627D-6DB2-4463-95F0-A0922518E204}.Debug|Any CPU.ActiveCfg = Debug|Any CPU
		{E612627D-6DB2-4463-95F0-A0922518E204}.Debug|Any CPU.Build.0 = Debug|Any CPU
		{E612627D-6DB2-4463-95F0-A0922518E204}.Release|Any CPU.ActiveCfg = Release|Any CPU
		{E612627D-6DB2-4463-95F0-A0922518E204}.Release|Any CPU.Build.0 = Release|Any CPU
	EndGlobalSection
	GlobalSection(SolutionProperties) = preSolution
		HideSolutionNode = FALSE
	EndGlobalSection
	GlobalSection(ExtensibilityGlobals) = postSolution
		SolutionGuid = {83372F1B-8588-4E50-A7AD-45B8B0CD0535}
	EndGlobalSection
EndGlobal
